
Microsoft Visual Studio Solution File, Format Version 12.00
# Visual Studio Version 16
VisualStudioVersion = 16.0.30204.135
MinimumVisualStudioVersion = 10.0.40219.1
Project("{8BC9CEB8-8B4A-11D0-8D11-00A0C91BC942}") = "audiocompression", "audiocompression.vcxproj", "{441F12ED-0CE2-463D-A76C-367379383BA1}"
EndProject
Global
	GlobalSection(SolutionConfigurationPlatforms) = preSolution
		Debug|x64 = Debug|x64
		Debug|x86 = Debug|x86
		Release|x64 = Release|x64
		Release|x86 = Release|x86
	EndGlobalSection
	GlobalSection(ProjectConfigurationPlatforms) = postSolution
		{441F12ED-0CE2-463D-A76C-367379383BA1}.Debug|x64.ActiveCfg = Debug|x64
		{441F12ED-0CE2-463D-A76C-367379383BA1}.Debug|x64.Build.0 = Debug|x64
		{441F12ED-0CE2-463D-A76C-367379383BA1}.Debug|x86.ActiveCfg = Debug|Win32
		{441F12ED-0CE2-463D-A76C-367379383BA1}.Debug|x86.Build.0 = Debug|Win32
		{441F12ED-0CE2-463D-A76C-367379383BA1}.Release|x64.ActiveCfg = Release|x64
		{441F12ED-0CE2-463D-A76C-367379383BA1}.Release|x64.Build.0 = Release|x64
		{441F12ED-0CE2-463D-A76C-367379383BA1}.Release|x86.ActiveCfg = Release|Win32
		{441F12ED-0CE2-463D-A76C-367379383BA1}.Release|x86.Build.0 = Release|Win32
	EndGlobalSection
	GlobalSection(SolutionProperties) = preSolution
		HideSolutionNode = FALSE
	EndGlobalSection
	GlobalSection(ExtensibilityGlobals) = postSolution
		SolutionGuid = {FB1AFA7D-4979-42BE-9F30-803C256D57E0}
	EndGlobalSection
EndGlobal
